
Microsoft Visual Studio Solution File, Format Version 12.00
# Visual Studio 15
VisualStudioVersion = 15.0.26430.6
MinimumVisualStudioVersion = 15.0.26124.0
Project("{9A19103F-16F7-4668-BE54-9A1E7A4F7556}") = "Element.NET", "Element.NET\Element.NET.csproj", "{11A2CE1E-DC1B-45D4-A8E5-9C30B43ADEF8}"
EndProject
Project("{FAE04EC0-301F-11D3-BF4B-00C04F79EFBC}") = "Alchemist", "Alchemist\Alchemist.csproj", "{E8D20507-212B-4EA4-8350-E23F62CA5417}"
EndProject
Project("{FAE04EC0-301F-11D3-BF4B-00C04F79EFBC}") = "Laboratory", "Laboratory\Laboratory.csproj", "{A33FDA38-26CD-47C3-9968-1517E984611C}"
EndProject
Project("{FAE04EC0-301F-11D3-BF4B-00C04F79EFBC}") = "Element.NET.Tests", "Element.NET.Tests\Element.NET.Tests.csproj", "{DA6D666C-EA6E-4F8B-B9E4-EADB7E81CF57}"
EndProject
Project("{FAE04EC0-301F-11D3-BF4B-00C04F79EFBC}") = "Element.NET.TestHelpers", "Element.NET.TestHelpers\Element.NET.TestHelpers.csproj", "{BA13DA46-8291-4FAF-BB53-D21DD27D0A81}"
EndProject
Project("{2150E333-8FDC-42A3-9474-1A3956D46DE8}") = "Lexico", "Lexico", "{7A440025-26DA-4783-BDC5-302308E3CE6E}"
EndProject
Project("{FAE04EC0-301F-11D3-BF4B-00C04F79EFBC}") = "Lexico", "dependencies\Lexico\Lexico\Lexico.csproj", "{3F7B7864-4D64-48A4-BC54-F1A3621AD617}"
EndProject
Project("{FAE04EC0-301F-11D3-BF4B-00C04F79EFBC}") = "Lexico.Benchmarks", "dependencies\Lexico\Lexico.Benchmarks\Lexico.Benchmarks.csproj", "{0FB1A1AD-8A88-41C5-9D40-09E321EC8D10}"
EndProject
Project("{FAE04EC0-301F-11D3-BF4B-00C04F79EFBC}") = "Lexico.Test", "dependencies\Lexico\Lexico.Test\Lexico.Test.csproj", "{57D011F9-2284-4B98-BBCC-5B7A03D31D2D}"
EndProject
Project("{FAE04EC0-301F-11D3-BF4B-00C04F79EFBC}") = "Result.NET", "Result.NET\Result.NET.csproj", "{E59815BD-9882-4B9E-89A9-BE43E2443FC6}"
EndProject
Project("{FAE04EC0-301F-11D3-BF4B-00C04F79EFBC}") = "Result.NET.Generators", "Result.NET.Generators\Result.NET.Generators.csproj", "{084CC18E-1632-4420-9337-0F984D531759}"
EndProject
Global
	GlobalSection(SolutionConfigurationPlatforms) = preSolution
		Debug|Any CPU = Debug|Any CPU
		Debug|x64 = Debug|x64
		Debug|x86 = Debug|x86
		Release|Any CPU = Release|Any CPU
		Release|x64 = Release|x64
		Release|x86 = Release|x86
	EndGlobalSection
	GlobalSection(ProjectConfigurationPlatforms) = postSolution
		{11A2CE1E-DC1B-45D4-A8E5-9C30B43ADEF8}.Debug|Any CPU.ActiveCfg = Debug|Any CPU
		{11A2CE1E-DC1B-45D4-A8E5-9C30B43ADEF8}.Debug|Any CPU.Build.0 = Debug|Any CPU
		{11A2CE1E-DC1B-45D4-A8E5-9C30B43ADEF8}.Debug|x64.ActiveCfg = Debug|Any CPU
		{11A2CE1E-DC1B-45D4-A8E5-9C30B43ADEF8}.Debug|x64.Build.0 = Debug|Any CPU
		{11A2CE1E-DC1B-45D4-A8E5-9C30B43ADEF8}.Debug|x86.ActiveCfg = Debug|Any CPU
		{11A2CE1E-DC1B-45D4-A8E5-9C30B43ADEF8}.Debug|x86.Build.0 = Debug|Any CPU
		{11A2CE1E-DC1B-45D4-A8E5-9C30B43ADEF8}.Release|Any CPU.ActiveCfg = Release|Any CPU
		{11A2CE1E-DC1B-45D4-A8E5-9C30B43ADEF8}.Release|Any CPU.Build.0 = Release|Any CPU
		{11A2CE1E-DC1B-45D4-A8E5-9C30B43ADEF8}.Release|x64.ActiveCfg = Release|Any CPU
		{11A2CE1E-DC1B-45D4-A8E5-9C30B43ADEF8}.Release|x64.Build.0 = Release|Any CPU
		{11A2CE1E-DC1B-45D4-A8E5-9C30B43ADEF8}.Release|x86.ActiveCfg = Release|Any CPU
		{11A2CE1E-DC1B-45D4-A8E5-9C30B43ADEF8}.Release|x86.Build.0 = Release|Any CPU
		{E8D20507-212B-4EA4-8350-E23F62CA5417}.Debug|Any CPU.ActiveCfg = Debug|Any CPU
		{E8D20507-212B-4EA4-8350-E23F62CA5417}.Debug|Any CPU.Build.0 = Debug|Any CPU
		{E8D20507-212B-4EA4-8350-E23F62CA5417}.Debug|x64.ActiveCfg = Debug|Any CPU
		{E8D20507-212B-4EA4-8350-E23F62CA5417}.Debug|x64.Build.0 = Debug|Any CPU
		{E8D20507-212B-4EA4-8350-E23F62CA5417}.Debug|x86.ActiveCfg = Debug|Any CPU
		{E8D20507-212B-4EA4-8350-E23F62CA5417}.Debug|x86.Build.0 = Debug|Any CPU
		{E8D20507-212B-4EA4-8350-E23F62CA5417}.Release|Any CPU.ActiveCfg = Release|Any CPU
		{E8D20507-212B-4EA4-8350-E23F62CA5417}.Release|Any CPU.Build.0 = Release|Any CPU
		{E8D20507-212B-4EA4-8350-E23F62CA5417}.Release|x64.ActiveCfg = Release|Any CPU
		{E8D20507-212B-4EA4-8350-E23F62CA5417}.Release|x64.Build.0 = Release|Any CPU
		{E8D20507-212B-4EA4-8350-E23F62CA5417}.Release|x86.ActiveCfg = Release|Any CPU
		{E8D20507-212B-4EA4-8350-E23F62CA5417}.Release|x86.Build.0 = Release|Any CPU
		{A33FDA38-26CD-47C3-9968-1517E984611C}.Debug|Any CPU.ActiveCfg = Debug|Any CPU
		{A33FDA38-26CD-47C3-9968-1517E984611C}.Debug|Any CPU.Build.0 = Debug|Any CPU
		{A33FDA38-26CD-47C3-9968-1517E984611C}.Debug|x64.ActiveCfg = Debug|Any CPU
		{A33FDA38-26CD-47C3-9968-1517E984611C}.Debug|x64.Build.0 = Debug|Any CPU
		{A33FDA38-26CD-47C3-9968-1517E984611C}.Debug|x86.ActiveCfg = Debug|Any CPU
		{A33FDA38-26CD-47C3-9968-1517E984611C}.Debug|x86.Build.0 = Debug|Any CPU
		{A33FDA38-26CD-47C3-9968-1517E984611C}.Release|Any CPU.ActiveCfg = Release|Any CPU
		{A33FDA38-26CD-47C3-9968-1517E984611C}.Release|Any CPU.Build.0 = Release|Any CPU
		{A33FDA38-26CD-47C3-9968-1517E984611C}.Release|x64.ActiveCfg = Release|Any CPU
		{A33FDA38-26CD-47C3-9968-1517E984611C}.Release|x64.Build.0 = Release|Any CPU
		{A33FDA38-26CD-47C3-9968-1517E984611C}.Release|x86.ActiveCfg = Release|Any CPU
		{A33FDA38-26CD-47C3-9968-1517E984611C}.Release|x86.Build.0 = Release|Any CPU
		{DA6D666C-EA6E-4F8B-B9E4-EADB7E81CF57}.Debug|Any CPU.ActiveCfg = Debug|Any CPU
		{DA6D666C-EA6E-4F8B-B9E4-EADB7E81CF57}.Debug|Any CPU.Build.0 = Debug|Any CPU
		{DA6D666C-EA6E-4F8B-B9E4-EADB7E81CF57}.Debug|x64.ActiveCfg = Debug|Any CPU
		{DA6D666C-EA6E-4F8B-B9E4-EADB7E81CF57}.Debug|x64.Build.0 = Debug|Any CPU
		{DA6D666C-EA6E-4F8B-B9E4-EADB7E81CF57}.Debug|x86.ActiveCfg = Debug|Any CPU
		{DA6D666C-EA6E-4F8B-B9E4-EADB7E81CF57}.Debug|x86.Build.0 = Debug|Any CPU
		{DA6D666C-EA6E-4F8B-B9E4-EADB7E81CF57}.Release|Any CPU.ActiveCfg = Release|Any CPU
		{DA6D666C-EA6E-4F8B-B9E4-EADB7E81CF57}.Release|Any CPU.Build.0 = Release|Any CPU
		{DA6D666C-EA6E-4F8B-B9E4-EADB7E81CF57}.Release|x64.ActiveCfg = Release|Any CPU
		{DA6D666C-EA6E-4F8B-B9E4-EADB7E81CF57}.Release|x64.Build.0 = Release|Any CPU
		{DA6D666C-EA6E-4F8B-B9E4-EADB7E81CF57}.Release|x86.ActiveCfg = Release|Any CPU
		{DA6D666C-EA6E-4F8B-B9E4-EADB7E81CF57}.Release|x86.Build.0 = Release|Any CPU
		{BA13DA46-8291-4FAF-BB53-D21DD27D0A81}.Debug|Any CPU.ActiveCfg = Debug|Any CPU
		{BA13DA46-8291-4FAF-BB53-D21DD27D0A81}.Debug|Any CPU.Build.0 = Debug|Any CPU
		{BA13DA46-8291-4FAF-BB53-D21DD27D0A81}.Debug|x64.ActiveCfg = Debug|Any CPU
		{BA13DA46-8291-4FAF-BB53-D21DD27D0A81}.Debug|x64.Build.0 = Debug|Any CPU
		{BA13DA46-8291-4FAF-BB53-D21DD27D0A81}.Debug|x86.ActiveCfg = Debug|Any CPU
		{BA13DA46-8291-4FAF-BB53-D21DD27D0A81}.Debug|x86.Build.0 = Debug|Any CPU
		{BA13DA46-8291-4FAF-BB53-D21DD27D0A81}.Release|Any CPU.ActiveCfg = Release|Any CPU
		{BA13DA46-8291-4FAF-BB53-D21DD27D0A81}.Release|Any CPU.Build.0 = Release|Any CPU
		{BA13DA46-8291-4FAF-BB53-D21DD27D0A81}.Release|x64.ActiveCfg = Release|Any CPU
		{BA13DA46-8291-4FAF-BB53-D21DD27D0A81}.Release|x64.Build.0 = Release|Any CPU
		{BA13DA46-8291-4FAF-BB53-D21DD27D0A81}.Release|x86.ActiveCfg = Release|Any CPU
		{BA13DA46-8291-4FAF-BB53-D21DD27D0A81}.Release|x86.Build.0 = Release|Any CPU
		{3F7B7864-4D64-48A4-BC54-F1A3621AD617}.Debug|Any CPU.ActiveCfg = Debug|Any CPU
		{3F7B7864-4D64-48A4-BC54-F1A3621AD617}.Debug|Any CPU.Build.0 = Debug|Any CPU
		{3F7B7864-4D64-48A4-BC54-F1A3621AD617}.Debug|x64.ActiveCfg = Debug|Any CPU
		{3F7B7864-4D64-48A4-BC54-F1A3621AD617}.Debug|x64.Build.0 = Debug|Any CPU
		{3F7B7864-4D64-48A4-BC54-F1A3621AD617}.Debug|x86.ActiveCfg = Debug|Any CPU
		{3F7B7864-4D64-48A4-BC54-F1A3621AD617}.Debug|x86.Build.0 = Debug|Any CPU
		{3F7B7864-4D64-48A4-BC54-F1A3621AD617}.Release|Any CPU.ActiveCfg = Release|Any CPU
		{3F7B7864-4D64-48A4-BC54-F1A3621AD617}.Release|Any CPU.Build.0 = Release|Any CPU
		{3F7B7864-4D64-48A4-BC54-F1A3621AD617}.Release|x64.ActiveCfg = Release|Any CPU
		{3F7B7864-4D64-48A4-BC54-F1A3621AD617}.Release|x64.Build.0 = Release|Any CPU
		{3F7B7864-4D64-48A4-BC54-F1A3621AD617}.Release|x86.ActiveCfg = Release|Any CPU
		{3F7B7864-4D64-48A4-BC54-F1A3621AD617}.Release|x86.Build.0 = Release|Any CPU
		{0FB1A1AD-8A88-41C5-9D40-09E321EC8D10}.Debug|Any CPU.ActiveCfg = Debug|Any CPU
		{0FB1A1AD-8A88-41C5-9D40-09E321EC8D10}.Debug|Any CPU.Build.0 = Debug|Any CPU
		{0FB1A1AD-8A88-41C5-9D40-09E321EC8D10}.Debug|x64.ActiveCfg = Debug|Any CPU
		{0FB1A1AD-8A88-41C5-9D40-09E321EC8D10}.Debug|x64.Build.0 = Debug|Any CPU
		{0FB1A1AD-8A88-41C5-9D40-09E321EC8D10}.Debug|x86.ActiveCfg = Debug|Any CPU
		{0FB1A1AD-8A88-41C5-9D40-09E321EC8D10}.Debug|x86.Build.0 = Debug|Any CPU
		{0FB1A1AD-8A88-41C5-9D40-09E321EC8D10}.Release|Any CPU.ActiveCfg = Release|Any CPU
		{0FB1A1AD-8A88-41C5-9D40-09E321EC8D10}.Release|Any CPU.Build.0 = Release|Any CPU
		{0FB1A1AD-8A88-41C5-9D40-09E321EC8D10}.Release|x64.ActiveCfg = Release|Any CPU
		{0FB1A1AD-8A88-41C5-9D40-09E321EC8D10}.Release|x64.Build.0 = Release|Any CPU
		{0FB1A1AD-8A88-41C5-9D40-09E321EC8D10}.Release|x86.ActiveCfg = Release|Any CPU
		{0FB1A1AD-8A88-41C5-9D40-09E321EC8D10}.Release|x86.Build.0 = Release|Any CPU
		{57D011F9-2284-4B98-BBCC-5B7A03D31D2D}.Debug|Any CPU.ActiveCfg = Debug|Any CPU
		{57D011F9-2284-4B98-BBCC-5B7A03D31D2D}.Debug|Any CPU.Build.0 = Debug|Any CPU
		{57D011F9-2284-4B98-BBCC-5B7A03D31D2D}.Debug|x64.ActiveCfg = Debug|Any CPU
		{57D011F9-2284-4B98-BBCC-5B7A03D31D2D}.Debug|x64.Build.0 = Debug|Any CPU
		{57D011F9-2284-4B98-BBCC-5B7A03D31D2D}.Debug|x86.ActiveCfg = Debug|Any CPU
		{57D011F9-2284-4B98-BBCC-5B7A03D31D2D}.Debug|x86.Build.0 = Debug|Any CPU
		{57D011F9-2284-4B98-BBCC-5B7A03D31D2D}.Release|Any CPU.ActiveCfg = Release|Any CPU
		{57D011F9-2284-4B98-BBCC-5B7A03D31D2D}.Release|Any CPU.Build.0 = Release|Any CPU
		{57D011F9-2284-4B98-BBCC-5B7A03D31D2D}.Release|x64.ActiveCfg = Release|Any CPU
		{57D011F9-2284-4B98-BBCC-5B7A03D31D2D}.Release|x64.Build.0 = Release|Any CPU
		{57D011F9-2284-4B98-BBCC-5B7A03D31D2D}.Release|x86.ActiveCfg = Release|Any CPU
		{57D011F9-2284-4B98-BBCC-5B7A03D31D2D}.Release|x86.Build.0 = Release|Any CPU
		{E59815BD-9882-4B9E-89A9-BE43E2443FC6}.Debug|Any CPU.ActiveCfg = Debug|Any CPU
		{E59815BD-9882-4B9E-89A9-BE43E2443FC6}.Debug|Any CPU.Build.0 = Debug|Any CPU
		{E59815BD-9882-4B9E-89A9-BE43E2443FC6}.Debug|x64.ActiveCfg = Debug|Any CPU
		{E59815BD-9882-4B9E-89A9-BE43E2443FC6}.Debug|x64.Build.0 = Debug|Any CPU
		{E59815BD-9882-4B9E-89A9-BE43E2443FC6}.Debug|x86.ActiveCfg = Debug|Any CPU
		{E59815BD-9882-4B9E-89A9-BE43E2443FC6}.Debug|x86.Build.0 = Debug|Any CPU
		{E59815BD-9882-4B9E-89A9-BE43E2443FC6}.Release|Any CPU.ActiveCfg = Release|Any CPU
		{E59815BD-9882-4B9E-89A9-BE43E2443FC6}.Release|Any CPU.Build.0 = Release|Any CPU
		{E59815BD-9882-4B9E-89A9-BE43E2443FC6}.Release|x64.ActiveCfg = Release|Any CPU
		{E59815BD-9882-4B9E-89A9-BE43E2443FC6}.Release|x64.Build.0 = Release|Any CPU
		{E59815BD-9882-4B9E-89A9-BE43E2443FC6}.Release|x86.ActiveCfg = Release|Any CPU
		{E59815BD-9882-4B9E-89A9-BE43E2443FC6}.Release|x86.Build.0 = Release|Any CPU
		{084CC18E-1632-4420-9337-0F984D531759}.Debug|Any CPU.ActiveCfg = Debug|Any CPU
		{084CC18E-1632-4420-9337-0F984D531759}.Debug|Any CPU.Build.0 = Debug|Any CPU
		{084CC18E-1632-4420-9337-0F984D531759}.Debug|x64.ActiveCfg = Debug|Any CPU
		{084CC18E-1632-4420-9337-0F984D531759}.Debug|x64.Build.0 = Debug|Any CPU
		{084CC18E-1632-4420-9337-0F984D531759}.Debug|x86.ActiveCfg = Debug|Any CPU
		{084CC18E-1632-4420-9337-0F984D531759}.Debug|x86.Build.0 = Debug|Any CPU
		{084CC18E-1632-4420-9337-0F984D531759}.Release|Any CPU.ActiveCfg = Release|Any CPU
		{084CC18E-1632-4420-9337-0F984D531759}.Release|Any CPU.Build.0 = Release|Any CPU
		{084CC18E-1632-4420-9337-0F984D531759}.Release|x64.ActiveCfg = Release|Any CPU
		{084CC18E-1632-4420-9337-0F984D531759}.Release|x64.Build.0 = Release|Any CPU
		{084CC18E-1632-4420-9337-0F984D531759}.Release|x86.ActiveCfg = Release|Any CPU
		{084CC18E-1632-4420-9337-0F984D531759}.Release|x86.Build.0 = Release|Any CPU
	EndGlobalSection
	GlobalSection(SolutionProperties) = preSolution
		HideSolutionNode = FALSE
	EndGlobalSection
	GlobalSection(ExtensibilityGlobals) = postSolution
		SolutionGuid = {AF81F76A-6661-4D53-8EBC-9F6E5BB46F0D}
	EndGlobalSection
	GlobalSection(NestedProjects) = preSolution
		{3F7B7864-4D64-48A4-BC54-F1A3621AD617} = {7A440025-26DA-4783-BDC5-302308E3CE6E}
		{0FB1A1AD-8A88-41C5-9D40-09E321EC8D10} = {7A440025-26DA-4783-BDC5-302308E3CE6E}
		{57D011F9-2284-4B98-BBCC-5B7A03D31D2D} = {7A440025-26DA-4783-BDC5-302308E3CE6E}
	EndGlobalSection
EndGlobal
